# This file is automatically @generated by Cargo.
# It is not intended for manual editing.
version = 3

[[package]]
name = "autocfg"
version = "1.1.0"
source = "registry+https://github.com/rust-lang/crates.io-index"
checksum = "d468802bab17cbc0cc575e9b053f41e72aa36bfa6b7f55e3529ffa43161b97fa"

[[package]]
name = "deser-hjson"
version = "1.1.0"
source = "registry+https://github.com/rust-lang/crates.io-index"
checksum = "799b522307619917536ae2c26e60dab657998dea8f3feaf827e9dc8daeb404bf"
dependencies = [
 "serde",
]

[[package]]
name = "docbuilder"
version = "0.1.0"
dependencies = [
 "deser-hjson",
 "lazy_static",
 "serde",
 "serde_json",
 "serde_yaml",
]

[[package]]
name = "hashbrown"
version = "0.12.3"
source = "registry+https://github.com/rust-lang/crates.io-index"
checksum = "8a9ee70c43aaf417c914396645a0fa852624801b24ebb7ae78fe8272889ac888"

[[package]]
name = "indexmap"
version = "1.9.2"
source = "registry+https://github.com/rust-lang/crates.io-index"
checksum = "1885e79c1fc4b10f0e172c475f458b7f7b93061064d98c3293e98c5ba0c8b399"
dependencies = [
 "autocfg",
 "hashbrown",
]

[[package]]
name = "itoa"
version = "1.0.5"
source = "registry+https://github.com/rust-lang/crates.io-index"
checksum = "fad582f4b9e86b6caa621cabeb0963332d92eea04729ab12892c2533951e6440"

[[package]]
name = "lazy_static"
version = "1.4.0"
source = "registry+https://github.com/rust-lang/crates.io-index"
checksum = "e2abad23fbc42b3700f2f279844dc832adb2b2eb069b2df918f455c4e18cc646"

[[package]]
name = "proc-macro2"
version = "1.0.56"
source = "registry+https://github.com/rust-lang/crates.io-index"
checksum = "2b63bdb0cd06f1f4dedf69b254734f9b45af66e4a031e42a7480257d9898b435"
dependencies = [
 "unicode-ident",
]

[[package]]
name = "quote"
version = "1.0.26"
source = "registry+https://github.com/rust-lang/crates.io-index"
checksum = "4424af4bf778aae2051a77b60283332f386554255d722233d09fbfc7e30da2fc"
dependencies = [
 "proc-macro2",
]

[[package]]
name = "ryu"
version = "1.0.12"
source = "registry+https://github.com/rust-lang/crates.io-index"
checksum = "7b4b9743ed687d4b4bcedf9ff5eaa7398495ae14e61cba0a295704edbc7decde"

[[package]]
name = "serde"
version = "1.0.162"
source = "registry+https://github.com/rust-lang/crates.io-index"
checksum = "71b2f6e1ab5c2b98c05f0f35b236b22e8df7ead6ffbf51d7808da7f8817e7ab6"
dependencies = [
 "serde_derive",
]

[[package]]
name = "serde_derive"
version = "1.0.162"
source = "registry+https://github.com/rust-lang/crates.io-index"
checksum = "a2a0814352fd64b58489904a44ea8d90cb1a91dcb6b4f5ebabc32c8318e93cb6"
dependencies = [
 "proc-macro2",
 "quote",
 "syn",
]

[[package]]
name = "serde_json"
version = "1.0.91"
source = "registry+https://github.com/rust-lang/crates.io-index"
checksum = "877c235533714907a8c2464236f5c4b2a17262ef1bd71f38f35ea592c8da6883"
dependencies = [
 "itoa",
 "ryu",
 "serde",
]

[[package]]
name = "serde_yaml"
version = "0.9.17"
source = "registry+https://github.com/rust-lang/crates.io-index"
checksum = "8fb06d4b6cdaef0e0c51fa881acb721bed3c924cfaa71d9c94a3b771dfdf6567"
dependencies = [
 "indexmap",
 "itoa",
 "ryu",
 "serde",
 "unsafe-libyaml",
]

[[package]]
name = "syn"
version = "2.0.15"
source = "registry+https://github.com/rust-lang/crates.io-index"
checksum = "a34fcf3e8b60f57e6a14301a2e916d323af98b0ea63c599441eec8558660c822"
dependencies = [
 "proc-macro2",
 "quote",
 "unicode-ident",
]

[[package]]
name = "unicode-ident"
version = "1.0.6"
source = "registry+https://github.com/rust-lang/crates.io-index"
checksum = "84a22b9f218b40614adcb3f4ff08b703773ad44fa9423e4e0d346d5db86e4ebc"

[[package]]
name = "unsafe-libyaml"
version = "0.2.5"
source = "registry+https://github.com/rust-lang/crates.io-index"
checksum = "bc7ed8ba44ca06be78ea1ad2c3682a43349126c8818054231ee6f4748012aed2"
